
Microsoft Visual Studio Solution File, Format Version 12.00
# Visual Studio Version 17
VisualStudioVersion = 17.0.31903.59
MinimumVisualStudioVersion = 10.0.40219.1
Project("{2150E333-8FDC-42A3-9474-1A3956D46DE8}") = "Элементы решения", "Элементы решения", "{72E147F9-01D8-4C45-8DCA-A097D1ACB99E}"
	ProjectSection(SolutionItems) = preProject
		README.md = README.md
	EndProjectSection
EndProject
Project("{2150E333-8FDC-42A3-9474-1A3956D46DE8}") = "Lesson1", "Lesson1", "{8BD1F71C-93D8-4D3A-BD47-ED131D9D3975}"
EndProject
Project("{2150E333-8FDC-42A3-9474-1A3956D46DE8}") = "Task1", "Task1", "{4016ED49-1CBC-4A77-9E4E-A439AEF7DAD9}"
EndProject
Project("{2150E333-8FDC-42A3-9474-1A3956D46DE8}") = "Task1TransactionScript", "Task1TransactionScript", "{60982709-872C-4B0D-AD58-B87BF5FABBF5}"
EndProject
Project("{2150E333-8FDC-42A3-9474-1A3956D46DE8}") = "Task1DomainModel", "Task1DomainModel", "{BCC03849-6A93-4E7D-849A-96CCFF3429A3}"
EndProject
Project("{2150E333-8FDC-42A3-9474-1A3956D46DE8}") = "Task1CQRS", "Task1CQRS", "{235E7278-C6FD-49DC-AF3E-14B3BE974CD6}"
EndProject
Project("{2150E333-8FDC-42A3-9474-1A3956D46DE8}") = "src", "src", "{6ADCFB27-8AD6-4974-94DE-5D09C5FCCABA}"
EndProject
Project("{2150E333-8FDC-42A3-9474-1A3956D46DE8}") = "tests", "tests", "{4273CB86-D71D-473B-AB15-95283EC6DBDD}"
EndProject
Project("{2150E333-8FDC-42A3-9474-1A3956D46DE8}") = "src", "src", "{938BE5E6-61EB-425D-A761-5FE51D46BC6B}"
EndProject
Project("{2150E333-8FDC-42A3-9474-1A3956D46DE8}") = "tests", "tests", "{1A280898-0606-4E4B-BD01-30ECC4AE1C4E}"
EndProject
Project("{FAE04EC0-301F-11D3-BF4B-00C04F79EFBC}") = "Task1", "Lesson1\Task1\src\Task1\Task1.csproj", "{812E8073-CDF6-41BB-8CE3-FF3BA1B74A3B}"
EndProject
Project("{FAE04EC0-301F-11D3-BF4B-00C04F79EFBC}") = "Task1.Tests.EndToEnd", "Lesson1\Task1\tests\Task1.Tests.EndToEnd\Task1.Tests.EndToEnd.csproj", "{7AFF1563-FD20-48C4-BDD6-7F997A5815C1}"
EndProject
Project("{FAE04EC0-301F-11D3-BF4B-00C04F79EFBC}") = "Task1TransactionScript", "Lesson1\Task1TransactionScript\src\Task1TransactionScript\Task1TransactionScript.csproj", "{01705B6A-800F-44C0-AA10-90BEB749D9C8}"
EndProject
Project("{FAE04EC0-301F-11D3-BF4B-00C04F79EFBC}") = "Task1.QuestionnaireSub.DataAccessLayer", "Lesson1\Task1TransactionScript\src\Task1.QuestionnaireSub.DataAccessLayer\Task1.QuestionnaireSub.DataAccessLayer.csproj", "{C0AF1AEC-F780-43F0-A155-1EE65820AF3C}"
EndProject
Project("{FAE04EC0-301F-11D3-BF4B-00C04F79EFBC}") = "Task1.QuestionnaireSub.MainLogicLayer", "Lesson1\Task1TransactionScript\src\Task1.QuestionnaireSub.MainLogicLayer\Task1.QuestionnaireSub.MainLogicLayer.csproj", "{6584C0E7-455D-4EB4-940D-CA34519759E7}"
EndProject
Project("{FAE04EC0-301F-11D3-BF4B-00C04F79EFBC}") = "Task1.QuestionnaireSub.PresentationLayer", "Lesson1\Task1TransactionScript\src\Task1.QuestionnaireSub.PresentationLayer\Task1.QuestionnaireSub.PresentationLayer.csproj", "{6D516BD6-620E-47E1-9E16-6F492D232AA4}"
EndProject
Project("{FAE04EC0-301F-11D3-BF4B-00C04F79EFBC}") = "Task1TransactionScript.QuestionnaireSub.Tests.EndToEnd", "Lesson1\Task1TransactionScript\tests\Task1TransactionScript.QuestionnaireSub.Tests.EndToEnd\Task1TransactionScript.QuestionnaireSub.Tests.EndToEnd.csproj", "{D288B9C5-6F34-4A3A-932B-C9079C90DD84}"
EndProject
Project("{2150E333-8FDC-42A3-9474-1A3956D46DE8}") = "Task1ActiveRecord", "Task1ActiveRecord", "{D976DA55-4865-433E-8D66-405C7A09848A}"
EndProject
Project("{2150E333-8FDC-42A3-9474-1A3956D46DE8}") = "src", "src", "{5508B15D-90BE-4D04-908B-D296AFC752D5}"
EndProject
Project("{2150E333-8FDC-42A3-9474-1A3956D46DE8}") = "tests", "tests", "{C1B0ADB9-7D60-4738-8C5F-69853049CFCE}"
EndProject
Project("{FAE04EC0-301F-11D3-BF4B-00C04F79EFBC}") = "Task1ActiveRecord", "Lesson1\Task1ActiveRecord\src\Task1ActiveRecord\Task1ActiveRecord.csproj", "{E4472C13-7F6D-49DF-A55E-FC666CE5A6A4}"
EndProject
Project("{FAE04EC0-301F-11D3-BF4B-00C04F79EFBC}") = "Test1.QuestionnaireSub.Tests.Integration", "Lesson1\Task1ActiveRecord\tests\Test1.QuestionnaireSub.Tests.Integration\Test1.QuestionnaireSub.Tests.Integration.csproj", "{CB7535F3-162C-46DD-A85E-45359D6C72C5}"
EndProject
Project("{FAE04EC0-301F-11D3-BF4B-00C04F79EFBC}") = "Task1.QuestionnaireSub.DataAccessLayer", "Lesson1\Task1ActiveRecord\src\Task1.QuestionnaireSub.DataAccessLayer\Task1.QuestionnaireSub.DataAccessLayer.csproj", "{1225F22A-48A4-40EB-BD31-49C25AC5C658}"
EndProject
Project("{FAE04EC0-301F-11D3-BF4B-00C04F79EFBC}") = "Task1.QuestionnaireSub.MainLogicLayer", "Lesson1\Task1ActiveRecord\src\Task1.QuestionnaireSub.MainLogicLayer\Task1.QuestionnaireSub.MainLogicLayer.csproj", "{81C29301-C6EF-4ED5-AAB6-5F4F2F731543}"
EndProject
Project("{FAE04EC0-301F-11D3-BF4B-00C04F79EFBC}") = "Task1.QuestionnaireSub.PresentationLayer", "Lesson1\Task1ActiveRecord\src\Task1.QuestionnaireSub.PresentationLayer\Task1.QuestionnaireSub.PresentationLayer.csproj", "{FEFB8D71-252F-4CFE-9418-585BCF63E17F}"
EndProject
Project("{FAE04EC0-301F-11D3-BF4B-00C04F79EFBC}") = "Task1.QuestionnaireSub.ServiceLayer", "Lesson1\Task1ActiveRecord\src\Task1.QuestionnaireSub.ServiceLayer\Task1.QuestionnaireSub.ServiceLayer.csproj", "{0A279331-EC58-4A3C-8EC2-5C6E49E83C28}"
EndProject
Global
	GlobalSection(SolutionConfigurationPlatforms) = preSolution
		Debug|Any CPU = Debug|Any CPU
		Release|Any CPU = Release|Any CPU
	EndGlobalSection
	GlobalSection(ProjectConfigurationPlatforms) = postSolution
		{812E8073-CDF6-41BB-8CE3-FF3BA1B74A3B}.Debug|Any CPU.ActiveCfg = Debug|Any CPU
		{812E8073-CDF6-41BB-8CE3-FF3BA1B74A3B}.Debug|Any CPU.Build.0 = Debug|Any CPU
		{812E8073-CDF6-41BB-8CE3-FF3BA1B74A3B}.Release|Any CPU.ActiveCfg = Release|Any CPU
		{812E8073-CDF6-41BB-8CE3-FF3BA1B74A3B}.Release|Any CPU.Build.0 = Release|Any CPU
		{7AFF1563-FD20-48C4-BDD6-7F997A5815C1}.Debug|Any CPU.ActiveCfg = Debug|Any CPU
		{7AFF1563-FD20-48C4-BDD6-7F997A5815C1}.Debug|Any CPU.Build.0 = Debug|Any CPU
		{7AFF1563-FD20-48C4-BDD6-7F997A5815C1}.Release|Any CPU.ActiveCfg = Release|Any CPU
		{7AFF1563-FD20-48C4-BDD6-7F997A5815C1}.Release|Any CPU.Build.0 = Release|Any CPU
		{01705B6A-800F-44C0-AA10-90BEB749D9C8}.Debug|Any CPU.ActiveCfg = Debug|Any CPU
		{01705B6A-800F-44C0-AA10-90BEB749D9C8}.Debug|Any CPU.Build.0 = Debug|Any CPU
		{01705B6A-800F-44C0-AA10-90BEB749D9C8}.Release|Any CPU.ActiveCfg = Release|Any CPU
		{01705B6A-800F-44C0-AA10-90BEB749D9C8}.Release|Any CPU.Build.0 = Release|Any CPU
		{C0AF1AEC-F780-43F0-A155-1EE65820AF3C}.Debug|Any CPU.ActiveCfg = Debug|Any CPU
		{C0AF1AEC-F780-43F0-A155-1EE65820AF3C}.Debug|Any CPU.Build.0 = Debug|Any CPU
		{C0AF1AEC-F780-43F0-A155-1EE65820AF3C}.Release|Any CPU.ActiveCfg = Release|Any CPU
		{C0AF1AEC-F780-43F0-A155-1EE65820AF3C}.Release|Any CPU.Build.0 = Release|Any CPU
		{6584C0E7-455D-4EB4-940D-CA34519759E7}.Debug|Any CPU.ActiveCfg = Debug|Any CPU
		{6584C0E7-455D-4EB4-940D-CA34519759E7}.Debug|Any CPU.Build.0 = Debug|Any CPU
		{6584C0E7-455D-4EB4-940D-CA34519759E7}.Release|Any CPU.ActiveCfg = Release|Any CPU
		{6584C0E7-455D-4EB4-940D-CA34519759E7}.Release|Any CPU.Build.0 = Release|Any CPU
		{6D516BD6-620E-47E1-9E16-6F492D232AA4}.Debug|Any CPU.ActiveCfg = Debug|Any CPU
		{6D516BD6-620E-47E1-9E16-6F492D232AA4}.Debug|Any CPU.Build.0 = Debug|Any CPU
		{6D516BD6-620E-47E1-9E16-6F492D232AA4}.Release|Any CPU.ActiveCfg = Release|Any CPU
		{6D516BD6-620E-47E1-9E16-6F492D232AA4}.Release|Any CPU.Build.0 = Release|Any CPU
		{D288B9C5-6F34-4A3A-932B-C9079C90DD84}.Debug|Any CPU.ActiveCfg = Debug|Any CPU
		{D288B9C5-6F34-4A3A-932B-C9079C90DD84}.Debug|Any CPU.Build.0 = Debug|Any CPU
		{D288B9C5-6F34-4A3A-932B-C9079C90DD84}.Release|Any CPU.ActiveCfg = Release|Any CPU
		{D288B9C5-6F34-4A3A-932B-C9079C90DD84}.Release|Any CPU.Build.0 = Release|Any CPU
		{E4472C13-7F6D-49DF-A55E-FC666CE5A6A4}.Debug|Any CPU.ActiveCfg = Debug|Any CPU
		{E4472C13-7F6D-49DF-A55E-FC666CE5A6A4}.Debug|Any CPU.Build.0 = Debug|Any CPU
		{E4472C13-7F6D-49DF-A55E-FC666CE5A6A4}.Release|Any CPU.ActiveCfg = Release|Any CPU
		{E4472C13-7F6D-49DF-A55E-FC666CE5A6A4}.Release|Any CPU.Build.0 = Release|Any CPU
		{CB7535F3-162C-46DD-A85E-45359D6C72C5}.Debug|Any CPU.ActiveCfg = Debug|Any CPU
		{CB7535F3-162C-46DD-A85E-45359D6C72C5}.Debug|Any CPU.Build.0 = Debug|Any CPU
		{CB7535F3-162C-46DD-A85E-45359D6C72C5}.Release|Any CPU.ActiveCfg = Release|Any CPU
		{CB7535F3-162C-46DD-A85E-45359D6C72C5}.Release|Any CPU.Build.0 = Release|Any CPU
		{1225F22A-48A4-40EB-BD31-49C25AC5C658}.Debug|Any CPU.ActiveCfg = Debug|Any CPU
		{1225F22A-48A4-40EB-BD31-49C25AC5C658}.Debug|Any CPU.Build.0 = Debug|Any CPU
		{1225F22A-48A4-40EB-BD31-49C25AC5C658}.Release|Any CPU.ActiveCfg = Release|Any CPU
		{1225F22A-48A4-40EB-BD31-49C25AC5C658}.Release|Any CPU.Build.0 = Release|Any CPU
		{81C29301-C6EF-4ED5-AAB6-5F4F2F731543}.Debug|Any CPU.ActiveCfg = Debug|Any CPU
		{81C29301-C6EF-4ED5-AAB6-5F4F2F731543}.Debug|Any CPU.Build.0 = Debug|Any CPU
		{81C29301-C6EF-4ED5-AAB6-5F4F2F731543}.Release|Any CPU.ActiveCfg = Release|Any CPU
		{81C29301-C6EF-4ED5-AAB6-5F4F2F731543}.Release|Any CPU.Build.0 = Release|Any CPU
		{FEFB8D71-252F-4CFE-9418-585BCF63E17F}.Debug|Any CPU.ActiveCfg = Debug|Any CPU
		{FEFB8D71-252F-4CFE-9418-585BCF63E17F}.Debug|Any CPU.Build.0 = Debug|Any CPU
		{FEFB8D71-252F-4CFE-9418-585BCF63E17F}.Release|Any CPU.ActiveCfg = Release|Any CPU
		{FEFB8D71-252F-4CFE-9418-585BCF63E17F}.Release|Any CPU.Build.0 = Release|Any CPU
		{0A279331-EC58-4A3C-8EC2-5C6E49E83C28}.Debug|Any CPU.ActiveCfg = Debug|Any CPU
		{0A279331-EC58-4A3C-8EC2-5C6E49E83C28}.Debug|Any CPU.Build.0 = Debug|Any CPU
		{0A279331-EC58-4A3C-8EC2-5C6E49E83C28}.Release|Any CPU.ActiveCfg = Release|Any CPU
		{0A279331-EC58-4A3C-8EC2-5C6E49E83C28}.Release|Any CPU.Build.0 = Release|Any CPU
	EndGlobalSection
	GlobalSection(SolutionProperties) = preSolution
		HideSolutionNode = FALSE
	EndGlobalSection
	GlobalSection(NestedProjects) = preSolution
		{4016ED49-1CBC-4A77-9E4E-A439AEF7DAD9} = {8BD1F71C-93D8-4D3A-BD47-ED131D9D3975}
		{60982709-872C-4B0D-AD58-B87BF5FABBF5} = {8BD1F71C-93D8-4D3A-BD47-ED131D9D3975}
		{BCC03849-6A93-4E7D-849A-96CCFF3429A3} = {8BD1F71C-93D8-4D3A-BD47-ED131D9D3975}
		{235E7278-C6FD-49DC-AF3E-14B3BE974CD6} = {8BD1F71C-93D8-4D3A-BD47-ED131D9D3975}
		{6ADCFB27-8AD6-4974-94DE-5D09C5FCCABA} = {4016ED49-1CBC-4A77-9E4E-A439AEF7DAD9}
		{4273CB86-D71D-473B-AB15-95283EC6DBDD} = {4016ED49-1CBC-4A77-9E4E-A439AEF7DAD9}
		{938BE5E6-61EB-425D-A761-5FE51D46BC6B} = {60982709-872C-4B0D-AD58-B87BF5FABBF5}
		{1A280898-0606-4E4B-BD01-30ECC4AE1C4E} = {60982709-872C-4B0D-AD58-B87BF5FABBF5}
		{812E8073-CDF6-41BB-8CE3-FF3BA1B74A3B} = {6ADCFB27-8AD6-4974-94DE-5D09C5FCCABA}
		{7AFF1563-FD20-48C4-BDD6-7F997A5815C1} = {4273CB86-D71D-473B-AB15-95283EC6DBDD}
		{01705B6A-800F-44C0-AA10-90BEB749D9C8} = {938BE5E6-61EB-425D-A761-5FE51D46BC6B}
		{C0AF1AEC-F780-43F0-A155-1EE65820AF3C} = {938BE5E6-61EB-425D-A761-5FE51D46BC6B}
		{6584C0E7-455D-4EB4-940D-CA34519759E7} = {938BE5E6-61EB-425D-A761-5FE51D46BC6B}
		{6D516BD6-620E-47E1-9E16-6F492D232AA4} = {938BE5E6-61EB-425D-A761-5FE51D46BC6B}
		{D288B9C5-6F34-4A3A-932B-C9079C90DD84} = {1A280898-0606-4E4B-BD01-30ECC4AE1C4E}
		{D976DA55-4865-433E-8D66-405C7A09848A} = {8BD1F71C-93D8-4D3A-BD47-ED131D9D3975}
		{5508B15D-90BE-4D04-908B-D296AFC752D5} = {D976DA55-4865-433E-8D66-405C7A09848A}
		{C1B0ADB9-7D60-4738-8C5F-69853049CFCE} = {D976DA55-4865-433E-8D66-405C7A09848A}
		{E4472C13-7F6D-49DF-A55E-FC666CE5A6A4} = {5508B15D-90BE-4D04-908B-D296AFC752D5}
		{CB7535F3-162C-46DD-A85E-45359D6C72C5} = {C1B0ADB9-7D60-4738-8C5F-69853049CFCE}
		{1225F22A-48A4-40EB-BD31-49C25AC5C658} = {5508B15D-90BE-4D04-908B-D296AFC752D5}
		{81C29301-C6EF-4ED5-AAB6-5F4F2F731543} = {5508B15D-90BE-4D04-908B-D296AFC752D5}
		{FEFB8D71-252F-4CFE-9418-585BCF63E17F} = {5508B15D-90BE-4D04-908B-D296AFC752D5}
		{0A279331-EC58-4A3C-8EC2-5C6E49E83C28} = {5508B15D-90BE-4D04-908B-D296AFC752D5}
	EndGlobalSection
EndGlobal
