
Microsoft Visual Studio Solution File, Format Version 12.00
# Visual Studio Version 17
VisualStudioVersion = 17.0.31903.59
MinimumVisualStudioVersion = 10.0.40219.1
Project("{2150E333-8FDC-42A3-9474-1A3956D46DE8}") = "Элементы решения", "Элементы решения", "{72E147F9-01D8-4C45-8DCA-A097D1ACB99E}"
	ProjectSection(SolutionItems) = preProject
		README.md = README.md
	EndProjectSection
EndProject
Project("{2150E333-8FDC-42A3-9474-1A3956D46DE8}") = "Lesson1", "Lesson1", "{8BD1F71C-93D8-4D3A-BD47-ED131D9D3975}"
EndProject
Project("{2150E333-8FDC-42A3-9474-1A3956D46DE8}") = "Task1", "Task1", "{4016ED49-1CBC-4A77-9E4E-A439AEF7DAD9}"
EndProject
Project("{2150E333-8FDC-42A3-9474-1A3956D46DE8}") = "Task1TransactionScript", "Task1TransactionScript", "{56659855-B3CA-4AB7-89B4-9A85D9962B59}"
EndProject
Project("{2150E333-8FDC-42A3-9474-1A3956D46DE8}") = "Task1ActiveRecord", "Task1ActiveRecord", "{60982709-872C-4B0D-AD58-B87BF5FABBF5}"
EndProject
Project("{2150E333-8FDC-42A3-9474-1A3956D46DE8}") = "Task1DomainModel", "Task1DomainModel", "{BCC03849-6A93-4E7D-849A-96CCFF3429A3}"
EndProject
Project("{2150E333-8FDC-42A3-9474-1A3956D46DE8}") = "Task1CQRS", "Task1CQRS", "{235E7278-C6FD-49DC-AF3E-14B3BE974CD6}"
EndProject
Project("{2150E333-8FDC-42A3-9474-1A3956D46DE8}") = "src", "src", "{6ADCFB27-8AD6-4974-94DE-5D09C5FCCABA}"
EndProject
Project("{2150E333-8FDC-42A3-9474-1A3956D46DE8}") = "tests", "tests", "{4273CB86-D71D-473B-AB15-95283EC6DBDD}"
EndProject
Global
	GlobalSection(SolutionConfigurationPlatforms) = preSolution
		Debug|Any CPU = Debug|Any CPU
		Release|Any CPU = Release|Any CPU
	EndGlobalSection
	GlobalSection(SolutionProperties) = preSolution
		HideSolutionNode = FALSE
	EndGlobalSection
	GlobalSection(NestedProjects) = preSolution
		{4016ED49-1CBC-4A77-9E4E-A439AEF7DAD9} = {8BD1F71C-93D8-4D3A-BD47-ED131D9D3975}
		{56659855-B3CA-4AB7-89B4-9A85D9962B59} = {8BD1F71C-93D8-4D3A-BD47-ED131D9D3975}
		{60982709-872C-4B0D-AD58-B87BF5FABBF5} = {8BD1F71C-93D8-4D3A-BD47-ED131D9D3975}
		{BCC03849-6A93-4E7D-849A-96CCFF3429A3} = {8BD1F71C-93D8-4D3A-BD47-ED131D9D3975}
		{235E7278-C6FD-49DC-AF3E-14B3BE974CD6} = {8BD1F71C-93D8-4D3A-BD47-ED131D9D3975}
		{6ADCFB27-8AD6-4974-94DE-5D09C5FCCABA} = {4016ED49-1CBC-4A77-9E4E-A439AEF7DAD9}
		{4273CB86-D71D-473B-AB15-95283EC6DBDD} = {4016ED49-1CBC-4A77-9E4E-A439AEF7DAD9}
	EndGlobalSection
EndGlobal
